# This file is automatically @generated by Poetry 2.2.0 and should not be changed by hand.

[[package]]
name = "beancount"
version = "3.2.0"
description = "Command-line Double-Entry Accounting"
optional = false
python-versions = ">=3.9"
groups = ["main"]
files = [
    {file = "beancount-3.2.0-cp310-cp310-macosx_10_9_x86_64.whl", hash = "sha256:936496ae0db384cb105a439b4278a202648b869d07934966c8fc6b4dfea9b289"},
    {file = "beancount-3.2.0-cp310-cp310-macosx_11_0_arm64.whl", hash = "sha256:3b82fd28a7891378e36f827e386d5c04c506d810016223affd5c2744e212aeaa"},
    {file = "beancount-3.2.0-cp310-cp310-manylinux_2_17_aarch64.manylinux2014_aarch64.whl", hash = "sha256:72bed563e35b44194e2fe59ee17a2469c7a2e110f9a9c9b058577452d2502eae"},
    {file = "beancount-3.2.0-cp310-cp310-manylinux_2_17_x86_64.manylinux2014_x86_64.whl", hash = "sha256:34c7362af4257205396f4d0e7d0c0ac8e836f835d448f035f5bf33ea29e33a09"},
    {file = "beancount-3.2.0-cp310-cp310-win32.whl", hash = "sha256:d48c9f1b0f8d731dac0574ce1138b8da753c6f2ab85f65f8934f59b857063c83"},
    {file = "beancount-3.2.0-cp310-cp310-win_amd64.whl", hash = "sha256:cb07e5527c0c4803b329fc5d3c4923cf466dac3314de18c2a1599426ab1c6f32"},
    {file = "beancount-3.2.0-cp311-cp311-macosx_10_9_x86_64.whl", hash = "sha256:73ee8484fd022d4849683a5f5ed8dbae558a57881983a7ad795853756eb29b3f"},
    {file = "beancount-3.2.0-cp311-cp311-macosx_11_0_arm64.whl", hash = "sha256:49717b15321d2c22705aec4fed82055ede16e39a09b7d0d6d767230880ffce8c"},
    {file = "beancount-3.2.0-cp311-cp311-manylinux_2_17_aarch64.manylinux2014_aarch64.whl", hash = "sha256:d71ab251daa65eab0842570d36fce33d5eb9ac8d35c8f4ced351fa9f2b36d480"},
    {file = "beancount-3.2.0-cp311-cp311-manylinux_2_17_x86_64.manylinux2014_x86_64.whl", hash = "sha256:2b34378d1615a97c39572d4451856599310acf8ab7abbb13b31161451ec8c092"},
    {file = "beancount-3.2.0-cp311-cp311-win32.whl", hash = "sha256:c6f4f7709864093ff6878721bcbd4e1b2037a06d93bd5b874bd2ab41e7c86d35"},
    {file = "beancount-3.2.0-cp311-cp311-win_amd64.whl", hash = "sha256:5be26b2bd9d14fc81631b7abf998eb39779af10168f0454eb182ecc5f93df199"},
    {file = "beancount-3.2.0-cp312-cp312-macosx_10_13_x86_64.whl", hash = "sha256:4e389663d88cef83fc7aaa99818d643f2ff06b2d5d14522d493c7664378d170a"},
    {file = "beancount-3.2.0-cp312-cp312-macosx_11_0_arm64.whl", hash = "sha256:5f03dea7d4f7988a05cd808751f43aa5ef478c04e4af18c980c8f9eafa314041"},
    {file = "beancount-3.2.0-cp312-cp312-manylinux_2_17_aarch64.manylinux2014_aarch64.whl", hash = "sha256:36c27bf2594badf22b1fb0542b3caa724a99e0ff1cc59b7e975e6566474242fc"},
    {file = "beancount-3.2.0-cp312-cp312-manylinux_2_17_x86_64.manylinux2014_x86_64.whl", hash = "sha256:56fa547284b9f521c2eed92537dc81a9eac3a12f889b569609c6c466c13e162f"},
    {file = "beancount-3.2.0-cp312-cp312-win32.whl", hash = "sha256:73238ae714e74bb2284f6d751091db4e8dfaf3fba26497ce197bf2091c8b48ce"},
    {file = "beancount-3.2.0-cp312-cp312-win_amd64.whl", hash = "sha256:ac098b7e8cf6d6aaabb32c240128f4fbdbcb4f96414c6ec0328513a7f3b2c653"},
    {file = "beancount-3.2.0-cp313-cp313-macosx_10_13_x86_64.whl", hash = "sha256:ca9750ebc6650b19dcb94ef8d2856caf464419672e281ee09a78fc5d5abb4466"},
    {file = "beancount-3.2.0-cp313-cp313-macosx_11_0_arm64.whl", hash = "sha256:38f90a5b1051719747b622868455ffd51b5bd64139e2e905a5f191f78009aef4"},
    {file = "beancount-3.2.0-cp313-cp313-manylinux_2_17_aarch64.manylinux2014_aarch64.whl", hash = "sha256:0cd05d55902ffcca310bf437d2afe6993a23feb564bf867a8069b260265dd207"},
    {file = "beancount-3.2.0-cp313-cp313-manylinux_2_17_x86_64.manylinux2014_x86_64.whl", hash = "sha256:af64ff2aa2f6157f9fa644591e220d341a21d727cf21df79d20581427dae10ba"},
    {file = "beancount-3.2.0-cp313-cp313-win32.whl", hash = "sha256:575e3fcc5d23ad3455f291b08f2ca4e428ec75ccd943a63b9c0c8c648dd0ab93"},
    {file = "beancount-3.2.0-cp313-cp313-win_amd64.whl", hash = "sha256:89adb972428276b94b798a75128c8b8dd938ef6f9ce6e62c32c06649c758e859"},
    {file = "beancount-3.2.0-cp39-cp39-macosx_10_9_x86_64.whl", hash = "sha256:0a10211c611afca1b05ced50c5d497f413ba0caab4d83dec2b71188ec47f338e"},
    {file = "beancount-3.2.0-cp39-cp39-macosx_11_0_arm64.whl", hash = "sha256:85887e17a975044486733c7859bd2fe88d41f127a29d43b34c9dcb097fb43961"},
    {file = "beancount-3.2.0-cp39-cp39-manylinux_2_17_aarch64.manylinux2014_aarch64.whl", hash = "sha256:20e9407ac391972a0740b41f0f6251205cbfedb894719c6e3579ccd7698dc715"},
    {file = "beancount-3.2.0-cp39-cp39-manylinux_2_17_x86_64.manylinux2014_x86_64.whl", hash = "sha256:3592123627dc7d79ce51cc399ea4fc8a6e4f932b1ea3f97499b7b0ebb4bfd895"},
    {file = "beancount-3.2.0-cp39-cp39-win32.whl", hash = "sha256:564ecf4883aeb0ca813181509074f2eb6c07070422cf9da3ffb530304d7224ff"},
    {file = "beancount-3.2.0-cp39-cp39-win_amd64.whl", hash = "sha256:7c3f8e32495c159fb31052b3e961bc7fca8891badcbb540de692c3afcd3381ef"},
    {file = "beancount-3.2.0.tar.gz", hash = "sha256:9f374bdcbae63328d8a0cf6d539490f81caa647f2d1cc92c9fa6117a9eb092ca"},
]

[package.dependencies]
click = ">=7.0"
python-dateutil = ">=2.6.0"
regex = ">=2022.9.13"

[package.extras]
types = ["mypy (==1.4.0)", "types-regex"]

[[package]]
name = "beanquery"
version = "0.2.0"
description = "Customizable lightweight SQL query tool"
optional = false
python-versions = ">=3.8"
groups = ["main"]
files = [
    {file = "beanquery-0.2.0-py3-none-any.whl", hash = "sha256:980b7a328486d58cfd3e8fa98983fd501c33cf3a9be67f8b1e16c81e94018a3c"},
    {file = "beanquery-0.2.0.tar.gz", hash = "sha256:2d72b50a39003435c7fed183666572b8ea878b9860499d0f196b38469384cd2c"},
]

[package.dependencies]
beancount = ">=2.3.4"
click = ">7.0"
python-dateutil = ">=2.6.0"
tatsu-lts = "*"

[package.extras]
docs = ["furo (>=2024.08.06)", "sphinx (>=8.1.0,<8.2.0)"]

[[package]]
name = "click"
version = "8.2.1"
description = "Composable command line interface toolkit"
optional = false
python-versions = ">=3.10"
groups = ["main"]
files = [
    {file = "click-8.2.1-py3-none-any.whl", hash = "sha256:61a3265b914e850b85317d0b3109c7f8cd35a670f963866005d6ef1d5175a12b"},
    {file = "click-8.2.1.tar.gz", hash = "sha256:27c491cc05d968d271d5a1db13e3b5a184636d9d930f148c50b038f0d0646202"},
]

[package.dependencies]
colorama = {version = "*", markers = "platform_system == \"Windows\""}

[[package]]
name = "colorama"
version = "0.4.6"
description = "Cross-platform colored terminal text."
optional = false
python-versions = "!=3.0.*,!=3.1.*,!=3.2.*,!=3.3.*,!=3.4.*,!=3.5.*,!=3.6.*,>=2.7"
groups = ["main"]
markers = "platform_system == \"Windows\""
files = [
    {file = "colorama-0.4.6-py2.py3-none-any.whl", hash = "sha256:4f1d9991f5acc0ca119f9d443620b77f9d6b33703e51011c16baf57afb285fc6"},
    {file = "colorama-0.4.6.tar.gz", hash = "sha256:08695f5cb7ed6e0531a20572697297273c47b8cae5a63ffc6d6ed5c201be6e44"},
]

[[package]]
name = "python-dateutil"
version = "2.9.0.post0"
description = "Extensions to the standard Python datetime module"
optional = false
python-versions = "!=3.0.*,!=3.1.*,!=3.2.*,>=2.7"
groups = ["main"]
files = [
    {file = "python-dateutil-2.9.0.post0.tar.gz", hash = "sha256:37dd54208da7e1cd875388217d5e00ebd4179249f90fb72437e91a35459a0ad3"},
    {file = "python_dateutil-2.9.0.post0-py2.py3-none-any.whl", hash = "sha256:a8b2bc7bffae282281c8140a97d3aa9c14da0b136dfe83f850eea9a5f7470427"},
]

[package.dependencies]
six = ">=1.5"

[[package]]
name = "regex"
version = "2025.9.1"
description = "Alternative regular expression module, to replace re."
optional = false
python-versions = ">=3.9"
groups = ["main"]
files = [
    {file = "regex-2025.9.1-cp310-cp310-macosx_10_9_universal2.whl", hash = "sha256:c5aa2a6a73bf218515484b36a0d20c6ad9dc63f6339ff6224147b0e2c095ee55"},
    {file = "regex-2025.9.1-cp310-cp310-macosx_10_9_x86_64.whl", hash = "sha256:8c2ff5c01d5e47ad5fc9d31bcd61e78c2fa0068ed00cab86b7320214446da766"},
    {file = "regex-2025.9.1-cp310-cp310-macosx_11_0_arm64.whl", hash = "sha256:d49dc84e796b666181de8a9973284cad6616335f01b52bf099643253094920fc"},
    {file = "regex-2025.9.1-cp310-cp310-manylinux2014_aarch64.manylinux_2_17_aarch64.manylinux_2_28_aarch64.whl", hash = "sha256:d9914fe1040874f83c15fcea86d94ea54091b0666eab330aaab69e30d106aabe"},
    {file = "regex-2025.9.1-cp310-cp310-manylinux2014_ppc64le.manylinux_2_17_ppc64le.manylinux_2_28_ppc64le.whl", hash = "sha256:e71bceb3947362ec5eabd2ca0870bb78eae4edfc60c6c21495133c01b6cd2df4"},
    {file = "regex-2025.9.1-cp310-cp310-manylinux2014_s390x.manylinux_2_17_s390x.manylinux_2_28_s390x.whl", hash = "sha256:67a74456f410fe5e869239ee7a5423510fe5121549af133809d9591a8075893f"},
    {file = "regex-2025.9.1-cp310-cp310-manylinux2014_x86_64.manylinux_2_17_x86_64.manylinux_2_28_x86_64.whl", hash = "sha256:5c3b96ed0223b32dbdc53a83149b6de7ca3acd5acd9c8e64b42a166228abe29c"},
    {file = "regex-2025.9.1-cp310-cp310-manylinux2014_x86_64.manylinux_2_17_x86_64.whl", hash = "sha256:113d5aa950f428faf46fd77d452df62ebb4cc6531cb619f6cc30a369d326bfbd"},
    {file = "regex-2025.9.1-cp310-cp310-musllinux_1_2_aarch64.whl", hash = "sha256:fcdeb38de4f7f3d69d798f4f371189061446792a84e7c92b50054c87aae9c07c"},
    {file = "regex-2025.9.1-cp310-cp310-musllinux_1_2_ppc64le.whl", hash = "sha256:4bcdff370509164b67a6c8ec23c9fb40797b72a014766fdc159bb809bd74f7d8"},
    {file = "regex-2025.9.1-cp310-cp310-musllinux_1_2_s390x.whl", hash = "sha256:7383efdf6e8e8c61d85e00cfb2e2e18da1a621b8bfb4b0f1c2747db57b942b8f"},
    {file = "regex-2025.9.1-cp310-cp310-musllinux_1_2_x86_64.whl", hash = "sha256:1ec2bd3bdf0f73f7e9f48dca550ba7d973692d5e5e9a90ac42cc5f16c4432d8b"},
    {file = "regex-2025.9.1-cp310-cp310-win32.whl", hash = "sha256:9627e887116c4e9c0986d5c3b4f52bcfe3df09850b704f62ec3cbf177a0ae374"},
    {file = "regex-2025.9.1-cp310-cp310-win_amd64.whl", hash = "sha256:94533e32dc0065eca43912ee6649c90ea0681d59f56d43c45b5bcda9a740b3dd"},
    {file = "regex-2025.9.1-cp310-cp310-win_arm64.whl", hash = "sha256:a874a61bb580d48642ffd338570ee24ab13fa023779190513fcacad104a6e251"},
    {file = "regex-2025.9.1-cp311-cp311-macosx_10_9_universal2.whl", hash = "sha256:e5bcf112b09bfd3646e4db6bf2e598534a17d502b0c01ea6550ba4eca780c5e6"},
    {file = "regex-2025.9.1-cp311-cp311-macosx_10_9_x86_64.whl", hash = "sha256:67a0295a3c31d675a9ee0238d20238ff10a9a2fdb7a1323c798fc7029578b15c"},
    {file = "regex-2025.9.1-cp311-cp311-macosx_11_0_arm64.whl", hash = "sha256:ea8267fbadc7d4bd7c1301a50e85c2ff0de293ff9452a1a9f8d82c6cafe38179"},
    {file = "regex-2025.9.1-cp311-cp311-manylinux2014_aarch64.manylinux_2_17_aarch64.manylinux_2_28_aarch64.whl", hash = "sha256:6aeff21de7214d15e928fb5ce757f9495214367ba62875100d4c18d293750cc1"},
    {file = "regex-2025.9.1-cp311-cp311-manylinux2014_ppc64le.manylinux_2_17_ppc64le.manylinux_2_28_ppc64le.whl", hash = "sha256:d89f1bbbbbc0885e1c230f7770d5e98f4f00b0ee85688c871d10df8b184a6323"},
    {file = "regex-2025.9.1-cp311-cp311-manylinux2014_s390x.manylinux_2_17_s390x.manylinux_2_28_s390x.whl", hash = "sha256:ca3affe8ddea498ba9d294ab05f5f2d3b5ad5d515bc0d4a9016dd592a03afe52"},
    {file = "regex-2025.9.1-cp311-cp311-manylinux2014_x86_64.manylinux_2_17_x86_64.manylinux_2_28_x86_64.whl", hash = "sha256:91892a7a9f0a980e4c2c85dd19bc14de2b219a3a8867c4b5664b9f972dcc0c78"},
    {file = "regex-2025.9.1-cp311-cp311-musllinux_1_2_aarch64.whl", hash = "sha256:e1cb40406f4ae862710615f9f636c1e030fd6e6abe0e0f65f6a695a2721440c6"},
    {file = "regex-2025.9.1-cp311-cp311-musllinux_1_2_ppc64le.whl", hash = "sha256:94f6cff6f7e2149c7e6499a6ecd4695379eeda8ccbccb9726e8149f2fe382e92"},
    {file = "regex-2025.9.1-cp311-cp311-musllinux_1_2_s390x.whl", hash = "sha256:6c0226fb322b82709e78c49cc33484206647f8a39954d7e9de1567f5399becd0"},
    {file = "regex-2025.9.1-cp311-cp311-musllinux_1_2_x86_64.whl", hash = "sha256:a12f59c7c380b4fcf7516e9cbb126f95b7a9518902bcf4a852423ff1dcd03e6a"},
    {file = "regex-2025.9.1-cp311-cp311-win32.whl", hash = "sha256:49865e78d147a7a4f143064488da5d549be6bfc3f2579e5044cac61f5c92edd4"},
    {file = "regex-2025.9.1-cp311-cp311-win_amd64.whl", hash = "sha256:d34b901f6f2f02ef60f4ad3855d3a02378c65b094efc4b80388a3aeb700a5de7"},
    {file = "regex-2025.9.1-cp311-cp311-win_arm64.whl", hash = "sha256:47d7c2dab7e0b95b95fd580087b6ae196039d62306a592fa4e162e49004b6299"},
    {file = "regex-2025.9.1-cp312-cp312-macosx_10_13_universal2.whl", hash = "sha256:84a25164bd8dcfa9f11c53f561ae9766e506e580b70279d05a7946510bdd6f6a"},
    {file = "regex-2025.9.1-cp312-cp312-macosx_10_13_x86_64.whl", hash = "sha256:645e88a73861c64c1af558dd12294fb4e67b5c1eae0096a60d7d8a2143a611c7"},
    {file = "regex-2025.9.1-cp312-cp312-macosx_11_0_arm64.whl", hash = "sha256:10a450cba5cd5409526ee1d4449f42aad38dd83ac6948cbd6d7f71ca7018f7db"},
    {file = "regex-2025.9.1-cp312-cp312-manylinux2014_aarch64.manylinux_2_17_aarch64.manylinux_2_28_aarch64.whl", hash = "sha256:e9dc5991592933a4192c166eeb67b29d9234f9c86344481173d1bc52f73a7104"},
    {file = "regex-2025.9.1-cp312-cp312-manylinux2014_ppc64le.manylinux_2_17_ppc64le.manylinux_2_28_ppc64le.whl", hash = "sha256:a32291add816961aab472f4fad344c92871a2ee33c6c219b6598e98c1f0108f2"},
    {file = "regex-2025.9.1-cp312-cp312-manylinux2014_s390x.manylinux_2_17_s390x.manylinux_2_28_s390x.whl", hash = "sha256:588c161a68a383478e27442a678e3b197b13c5ba51dbba40c1ccb8c4c7bee9e9"},
    {file = "regex-2025.9.1-cp312-cp312-manylinux2014_x86_64.manylinux_2_17_x86_64.manylinux_2_28_x86_64.whl", hash = "sha256:47829ffaf652f30d579534da9085fe30c171fa2a6744a93d52ef7195dc38218b"},
    {file = "regex-2025.9.1-cp312-cp312-musllinux_1_2_aarch64.whl", hash = "sha256:1e978e5a35b293ea43f140c92a3269b6ab13fe0a2bf8a881f7ac740f5a6ade85"},
    {file = "regex-2025.9.1-cp312-cp312-musllinux_1_2_ppc64le.whl", hash = "sha256:4cf09903e72411f4bf3ac1eddd624ecfd423f14b2e4bf1c8b547b72f248b7bf7"},
    {file = "regex-2025.9.1-cp312-cp312-musllinux_1_2_s390x.whl", hash = "sha256:d016b0f77be63e49613c9e26aaf4a242f196cd3d7a4f15898f5f0ab55c9b24d2"},
    {file = "regex-2025.9.1-cp312-cp312-musllinux_1_2_x86_64.whl", hash = "sha256:656563e620de6908cd1c9d4f7b9e0777e3341ca7db9d4383bcaa44709c90281e"},
    {file = "regex-2025.9.1-cp312-cp312-win32.whl", hash = "sha256:df33f4ef07b68f7ab637b1dbd70accbf42ef0021c201660656601e8a9835de45"},
    {file = "regex-2025.9.1-cp312-cp312-win_amd64.whl", hash = "sha256:5aba22dfbc60cda7c0853516104724dc904caa2db55f2c3e6e984eb858d3edf3"},
    {file = "regex-2025.9.1-cp312-cp312-win_arm64.whl", hash = "sha256:ec1efb4c25e1849c2685fa95da44bfde1b28c62d356f9c8d861d4dad89ed56e9"},
    {file = "regex-2025.9.1-cp313-cp313-macosx_10_13_universal2.whl", hash = "sha256:bc6834727d1b98d710a63e6c823edf6ffbf5792eba35d3fa119531349d4142ef"},
    {file = "regex-2025.9.1-cp313-cp313-macosx_10_13_x86_64.whl", hash = "sha256:c3dc05b6d579875719bccc5f3037b4dc80433d64e94681a0061845bd8863c025"},
    {file = "regex-2025.9.1-cp313-cp313-macosx_11_0_arm64.whl", hash = "sha256:22213527df4c985ec4a729b055a8306272d41d2f45908d7bacb79be0fa7a75ad"},
    {file = "regex-2025.9.1-cp313-cp313-manylinux2014_aarch64.manylinux_2_17_aarch64.manylinux_2_28_aarch64.whl", hash = "sha256:8e3f6e3c5a5a1adc3f7ea1b5aec89abfc2f4fbfba55dafb4343cd1d084f715b2"},
    {file = "regex-2025.9.1-cp313-cp313-manylinux2014_ppc64le.manylinux_2_17_ppc64le.manylinux_2_28_ppc64le.whl", hash = "sha256:bcb89c02a0d6c2bec9b0bb2d8c78782699afe8434493bfa6b4021cc51503f249"},
    {file = "regex-2025.9.1-cp313-cp313-manylinux2014_s390x.manylinux_2_17_s390x.manylinux_2_28_s390x.whl", hash = "sha256:b0e2f95413eb0c651cd1516a670036315b91b71767af83bc8525350d4375ccba"},
    {file = "regex-2025.9.1-cp313-cp313-manylinux2014_x86_64.manylinux_2_17_x86_64.manylinux_2_28_x86_64.whl", hash = "sha256:09a41dc039e1c97d3c2ed3e26523f748e58c4de3ea7a31f95e1cf9ff973fff5a"},
    {file = "regex-2025.9.1-cp313-cp313-musllinux_1_2_aarch64.whl", hash = "sha256:4f0b4258b161094f66857a26ee938d3fe7b8a5063861e44571215c44fbf0e5df"},
    {file = "regex-2025.9.1-cp313-cp313-musllinux_1_2_ppc64le.whl", hash = "sha256:bf70e18ac390e6977ea7e56f921768002cb0fa359c4199606c7219854ae332e0"},
    {file = "regex-2025.9.1-cp313-cp313-musllinux_1_2_s390x.whl", hash = "sha256:b84036511e1d2bb0a4ff1aec26951caa2dea8772b223c9e8a19ed8885b32dbac"},
    {file = "regex-2025.9.1-cp313-cp313-musllinux_1_2_x86_64.whl", hash = "sha256:c2e05dcdfe224047f2a59e70408274c325d019aad96227ab959403ba7d58d2d7"},
    {file = "regex-2025.9.1-cp313-cp313-win32.whl", hash = "sha256:3b9a62107a7441b81ca98261808fed30ae36ba06c8b7ee435308806bd53c1ed8"},
    {file = "regex-2025.9.1-cp313-cp313-win_amd64.whl", hash = "sha256:b38afecc10c177eb34cfae68d669d5161880849ba70c05cbfbe409f08cc939d7"},
    {file = "regex-2025.9.1-cp313-cp313-win_arm64.whl", hash = "sha256:ec329890ad5e7ed9fc292858554d28d58d56bf62cf964faf0aa57964b21155a0"},
    {file = "regex-2025.9.1-cp314-cp314-macosx_10_13_universal2.whl", hash = "sha256:72fb7a016467d364546f22b5ae86c45680a4e0de6b2a6f67441d22172ff641f1"},
    {file = "regex-2025.9.1-cp314-cp314-macosx_10_13_x86_64.whl", hash = "sha256:c9527fa74eba53f98ad86be2ba003b3ebe97e94b6eb2b916b31b5f055622ef03"},
    {file = "regex-2025.9.1-cp314-cp314-macosx_11_0_arm64.whl", hash = "sha256:c905d925d194c83a63f92422af7544ec188301451b292c8b487f0543726107ca"},
    {file = "regex-2025.9.1-cp314-cp314-manylinux2014_aarch64.manylinux_2_17_aarch64.manylinux_2_28_aarch64.whl", hash = "sha256:74df7c74a63adcad314426b1f4ea6054a5ab25d05b0244f0c07ff9ce640fa597"},
    {file = "regex-2025.9.1-cp314-cp314-manylinux2014_ppc64le.manylinux_2_17_ppc64le.manylinux_2_28_ppc64le.whl", hash = "sha256:4f6e935e98ea48c7a2e8be44494de337b57a204470e7f9c9c42f912c414cd6f5"},
    {file = "regex-2025.9.1-cp314-cp314-manylinux2014_s390x.manylinux_2_17_s390x.manylinux_2_28_s390x.whl", hash = "sha256:4a62d033cd9ebefc7c5e466731a508dfabee827d80b13f455de68a50d3c2543d"},
    {file = "regex-2025.9.1-cp314-cp314-manylinux2014_x86_64.manylinux_2_17_x86_64.manylinux_2_28_x86_64.whl", hash = "sha256:ef971ebf2b93bdc88d8337238be4dfb851cc97ed6808eb04870ef67589415171"},
    {file = "regex-2025.9.1-cp314-cp314-musllinux_1_2_aarch64.whl", hash = "sha256:d936a1db208bdca0eca1f2bb2c1ba1d8370b226785c1e6db76e32a228ffd0ad5"},
    {file = "regex-2025.9.1-cp314-cp314-musllinux_1_2_ppc64le.whl", hash = "sha256:7e786d9e4469698fc63815b8de08a89165a0aa851720eb99f5e0ea9d51dd2b6a"},
    {file = "regex-2025.9.1-cp314-cp314-musllinux_1_2_s390x.whl", hash = "sha256:6b81d7dbc5466ad2c57ce3a0ddb717858fe1a29535c8866f8514d785fdb9fc5b"},
    {file = "regex-2025.9.1-cp314-cp314-musllinux_1_2_x86_64.whl", hash = "sha256:cd4890e184a6feb0ef195338a6ce68906a8903a0f2eb7e0ab727dbc0a3156273"},
    {file = "regex-2025.9.1-cp314-cp314-win32.whl", hash = "sha256:34679a86230e46164c9e0396b56cab13c0505972343880b9e705083cc5b8ec86"},
    {file = "regex-2025.9.1-cp314-cp314-win_amd64.whl", hash = "sha256:a1196e530a6bfa5f4bde029ac5b0295a6ecfaaffbfffede4bbaf4061d9455b70"},
    {file = "regex-2025.9.1-cp314-cp314-win_arm64.whl", hash = "sha256:f46d525934871ea772930e997d577d48c6983e50f206ff7b66d4ac5f8941e993"},
    {file = "regex-2025.9.1-cp39-cp39-macosx_10_9_universal2.whl", hash = "sha256:a13d20007dce3c4b00af5d84f6c191ed1c0f70928c6d9b6cd7b8d2f125df7f46"},
    {file = "regex-2025.9.1-cp39-cp39-macosx_10_9_x86_64.whl", hash = "sha256:d6b046b0a01cb713fd53ef36cb59db4b0062b343db28e83b52ac6aa01ee5b368"},
    {file = "regex-2025.9.1-cp39-cp39-macosx_11_0_arm64.whl", hash = "sha256:0fa9a7477288717f42dbd02ff5d13057549e9a8cdb81f224c313154cc10bab52"},
    {file = "regex-2025.9.1-cp39-cp39-manylinux2014_aarch64.manylinux_2_17_aarch64.manylinux_2_28_aarch64.whl", hash = "sha256:b2b3ad150c6bc01a8cd5030040675060e2adbe6cbc50aadc4da42c6d32ec266e"},
    {file = "regex-2025.9.1-cp39-cp39-manylinux2014_ppc64le.manylinux_2_17_ppc64le.manylinux_2_28_ppc64le.whl", hash = "sha256:aa88d5a82dfe80deaf04e8c39c8b0ad166d5d527097eb9431cb932c44bf88715"},
    {file = "regex-2025.9.1-cp39-cp39-manylinux2014_s390x.manylinux_2_17_s390x.manylinux_2_28_s390x.whl", hash = "sha256:6f1dae2cf6c2dbc6fd2526653692c144721b3cf3f769d2a3c3aa44d0f38b9a58"},
    {file = "regex-2025.9.1-cp39-cp39-manylinux2014_x86_64.manylinux_2_17_x86_64.manylinux_2_28_x86_64.whl", hash = "sha256:ff62a3022914fc19adaa76b65e03cf62bc67ea16326cbbeb170d280710a7d719"},
    {file = "regex-2025.9.1-cp39-cp39-manylinux2014_x86_64.manylinux_2_17_x86_64.whl", hash = "sha256:a34ef82216189d823bc82f614d1031cb0b919abef27cecfd7b07d1e9a8bdeeb4"},
    {file = "regex-2025.9.1-cp39-cp39-musllinux_1_2_aarch64.whl", hash = "sha256:6d40e6b49daae9ebbd7fa4e600697372cba85b826592408600068e83a3c47211"},
    {file = "regex-2025.9.1-cp39-cp39-musllinux_1_2_ppc64le.whl", hash = "sha256:0aeb0fe80331059c152a002142699a89bf3e44352aee28261315df0c9874759b"},
    {file = "regex-2025.9.1-cp39-cp39-musllinux_1_2_s390x.whl", hash = "sha256:a90014d29cb3098403d82a879105d1418edbbdf948540297435ea6e377023ea7"},
    {file = "regex-2025.9.1-cp39-cp39-musllinux_1_2_x86_64.whl", hash = "sha256:6ff623271e0b0cc5a95b802666bbd70f17ddd641582d65b10fb260cc0c003529"},
    {file = "regex-2025.9.1-cp39-cp39-win32.whl", hash = "sha256:d161bfdeabe236290adfd8c7588da7f835d67e9e7bf2945f1e9e120622839ba6"},
    {file = "regex-2025.9.1-cp39-cp39-win_amd64.whl", hash = "sha256:43ebc77a7dfe36661192afd8d7df5e8be81ec32d2ad0c65b536f66ebfec3dece"},
    {file = "regex-2025.9.1-cp39-cp39-win_arm64.whl", hash = "sha256:5d74b557cf5554001a869cda60b9a619be307df4d10155894aeaad3ee67c9899"},
    {file = "regex-2025.9.1.tar.gz", hash = "sha256:88ac07b38d20b54d79e704e38aa3bd2c0f8027432164226bdee201a1c0c9c9ff"},
]

[[package]]
name = "six"
version = "1.17.0"
description = "Python 2 and 3 compatibility utilities"
optional = false
python-versions = "!=3.0.*,!=3.1.*,!=3.2.*,>=2.7"
groups = ["main"]
files = [
    {file = "six-1.17.0-py2.py3-none-any.whl", hash = "sha256:4721f391ed90541fddacab5acf947aa0d3dc7d27b2e1e8eda2be8970586c3274"},
    {file = "six-1.17.0.tar.gz", hash = "sha256:ff70335d468e7eb6ec65b95b99d3a2836546063f63acc5171de367e834932a81"},
]

[[package]]
name = "tatsu-lts"
version = "5.13.1"
description = "TatSu takes a grammar in a variation of EBNF as input, and outputs a memoizing PEG/Packrat parser in Python."
optional = false
python-versions = ">=3.8"
groups = ["main"]
files = [
    {file = "TatSu_LTS-5.13.1-py3-none-any.whl", hash = "sha256:f8fae46923e07de2984d0700a14858b06870b33490732a02e848bb0af38c0731"},
    {file = "tatsu_lts-5.13.1.tar.gz", hash = "sha256:b9f0d38bf820d92077b5722bad26f68020c8e4ee663f7e35d4a0d95e4ebc5623"},
]

[package.extras]
colorization = ["colorama"]
parproc = ["rich"]

[metadata]
lock-version = "2.1"
python-versions = ">=3.11"
content-hash = "88eb86f23d3e9b6835fd9c186ec5cffa135115140554d0d990d5e0b163ca9ab6"
